
Microsoft Visual Studio Solution File, Format Version 12.00
# Visual Studio Version 16
VisualStudioVersion = 16.0.31205.134
MinimumVisualStudioVersion = 10.0.40219.1
Project("{FAE04EC0-301F-11D3-BF4B-00C04F79EFBC}") = "ConvertTifToPDF", "ConvertTifToPDF\ConvertTifToPDF.csproj", "{DFA25B22-0DC3-44D0-92B8-39B757832DEE}"
EndProject
Global
	GlobalSection(SolutionConfigurationPlatforms) = preSolution
		Debug|Any CPU = Debug|Any CPU
		Release|Any CPU = Release|Any CPU
	EndGlobalSection
	GlobalSection(ProjectConfigurationPlatforms) = postSolution
		{DFA25B22-0DC3-44D0-92B8-39B757832DEE}.Debug|Any CPU.ActiveCfg = Debug|Any CPU
		{DFA25B22-0DC3-44D0-92B8-39B757832DEE}.Debug|Any CPU.Build.0 = Debug|Any CPU
		{DFA25B22-0DC3-44D0-92B8-39B757832DEE}.Release|Any CPU.ActiveCfg = Release|Any CPU
		{DFA25B22-0DC3-44D0-92B8-39B757832DEE}.Release|Any CPU.Build.0 = Release|Any CPU
	EndGlobalSection
	GlobalSection(SolutionProperties) = preSolution
		HideSolutionNode = FALSE
	EndGlobalSection
	GlobalSection(ExtensibilityGlobals) = postSolution
		SolutionGuid = {D0AF14BC-29FE-4083-81E4-0C48DC0A1827}
	EndGlobalSection
EndGlobal
